
Microsoft Visual Studio Solution File, Format Version 12.00
# Visual Studio Version 17
VisualStudioVersion = 17.3.32819.101
MinimumVisualStudioVersion = 10.0.40219.1
Project("{9A19103F-16F7-4668-BE54-9A1E7A4F7556}") = "RealTimeChat.API", "API\RealTimeChat.API.csproj", "{9F320AD5-38B8-4E10-8E0C-9363545AC6FF}"
EndProject
Project("{9A19103F-16F7-4668-BE54-9A1E7A4F7556}") = "RealTimeChat.BusinessLogic", "RealTimeChat.BussinesLogic\RealTimeChat.BusinessLogic.csproj", "{D9B87DDF-A913-446B-B917-9B5DDDB61C6C}"
EndProject
Project("{9A19103F-16F7-4668-BE54-9A1E7A4F7556}") = "RealTimeChat.API.DataAccess", "RealTimeChat.API.DataAccess\RealTimeChat.API.DataAccess.csproj", "{2633CA87-CD54-4E00-9FF9-6B3B102B5707}"
EndProject
Project("{FAE04EC0-301F-11D3-BF4B-00C04F79EFBC}") = "RealTimeChat.BusinessLogic.AccountLogic", "RealTimeChat.BusinessLogic.AccountLogic\RealTimeChat.BusinessLogic.AccountLogic.csproj", "{370E4DBD-C547-4B9B-8CA8-29C6E04AC2A6}"
EndProject
Project("{FAE04EC0-301F-11D3-BF4B-00C04F79EFBC}") = "RealTimeChat.BusinessLogic.FriendsLogic", "RealTimeChat.BusinessLogic.FriendsLogic\RealTimeChat.BusinessLogic.FriendsLogic.csproj", "{E17CDF7E-4154-49C4-90B5-2986A2E6236C}"
EndProject
Global
	GlobalSection(SolutionConfigurationPlatforms) = preSolution
		Debug|Any CPU = Debug|Any CPU
		Release|Any CPU = Release|Any CPU
	EndGlobalSection
	GlobalSection(ProjectConfigurationPlatforms) = postSolution
		{9F320AD5-38B8-4E10-8E0C-9363545AC6FF}.Debug|Any CPU.ActiveCfg = Debug|Any CPU
		{9F320AD5-38B8-4E10-8E0C-9363545AC6FF}.Debug|Any CPU.Build.0 = Debug|Any CPU
		{9F320AD5-38B8-4E10-8E0C-9363545AC6FF}.Release|Any CPU.ActiveCfg = Release|Any CPU
		{9F320AD5-38B8-4E10-8E0C-9363545AC6FF}.Release|Any CPU.Build.0 = Release|Any CPU
		{D9B87DDF-A913-446B-B917-9B5DDDB61C6C}.Debug|Any CPU.ActiveCfg = Debug|Any CPU
		{D9B87DDF-A913-446B-B917-9B5DDDB61C6C}.Debug|Any CPU.Build.0 = Debug|Any CPU
		{D9B87DDF-A913-446B-B917-9B5DDDB61C6C}.Release|Any CPU.ActiveCfg = Release|Any CPU
		{D9B87DDF-A913-446B-B917-9B5DDDB61C6C}.Release|Any CPU.Build.0 = Release|Any CPU
		{2633CA87-CD54-4E00-9FF9-6B3B102B5707}.Debug|Any CPU.ActiveCfg = Debug|Any CPU
		{2633CA87-CD54-4E00-9FF9-6B3B102B5707}.Debug|Any CPU.Build.0 = Debug|Any CPU
		{2633CA87-CD54-4E00-9FF9-6B3B102B5707}.Release|Any CPU.ActiveCfg = Release|Any CPU
		{2633CA87-CD54-4E00-9FF9-6B3B102B5707}.Release|Any CPU.Build.0 = Release|Any CPU
		{370E4DBD-C547-4B9B-8CA8-29C6E04AC2A6}.Debug|Any CPU.ActiveCfg = Debug|Any CPU
		{370E4DBD-C547-4B9B-8CA8-29C6E04AC2A6}.Debug|Any CPU.Build.0 = Debug|Any CPU
		{370E4DBD-C547-4B9B-8CA8-29C6E04AC2A6}.Release|Any CPU.ActiveCfg = Release|Any CPU
		{370E4DBD-C547-4B9B-8CA8-29C6E04AC2A6}.Release|Any CPU.Build.0 = Release|Any CPU
		{E17CDF7E-4154-49C4-90B5-2986A2E6236C}.Debug|Any CPU.ActiveCfg = Debug|Any CPU
		{E17CDF7E-4154-49C4-90B5-2986A2E6236C}.Debug|Any CPU.Build.0 = Debug|Any CPU
		{E17CDF7E-4154-49C4-90B5-2986A2E6236C}.Release|Any CPU.ActiveCfg = Release|Any CPU
		{E17CDF7E-4154-49C4-90B5-2986A2E6236C}.Release|Any CPU.Build.0 = Release|Any CPU
	EndGlobalSection
	GlobalSection(SolutionProperties) = preSolution
		HideSolutionNode = FALSE
	EndGlobalSection
	GlobalSection(ExtensibilityGlobals) = postSolution
		SolutionGuid = {25FC652A-CAE6-4B83-98C5-D17079010447}
	EndGlobalSection
EndGlobal
