
Microsoft Visual Studio Solution File, Format Version 12.00
# Visual Studio Version 17
VisualStudioVersion = 17.4.33122.133
MinimumVisualStudioVersion = 10.0.40219.1
Project("{9A19103F-16F7-4668-BE54-9A1E7A4F7556}") = "RealTimeChatClient", "RealTimeChatClient\RealTimeChatClient.csproj", "{71E75F86-3FB4-4FC7-A531-20A072B627AD}"
EndProject
Global
	GlobalSection(SolutionConfigurationPlatforms) = preSolution
		Debug|Any CPU = Debug|Any CPU
		Release|Any CPU = Release|Any CPU
	EndGlobalSection
	GlobalSection(ProjectConfigurationPlatforms) = postSolution
		{71E75F86-3FB4-4FC7-A531-20A072B627AD}.Debug|Any CPU.ActiveCfg = Debug|Any CPU
		{71E75F86-3FB4-4FC7-A531-20A072B627AD}.Debug|Any CPU.Build.0 = Debug|Any CPU
		{71E75F86-3FB4-4FC7-A531-20A072B627AD}.Release|Any CPU.ActiveCfg = Release|Any CPU
		{71E75F86-3FB4-4FC7-A531-20A072B627AD}.Release|Any CPU.Build.0 = Release|Any CPU
	EndGlobalSection
	GlobalSection(SolutionProperties) = preSolution
		HideSolutionNode = FALSE
	EndGlobalSection
	GlobalSection(ExtensibilityGlobals) = postSolution
		SolutionGuid = {D7B42491-8DB1-40B5-B00E-A66ED607C413}
	EndGlobalSection
EndGlobal
